{
  "object": {
    "pins": [
      {
        "package": "GovernorSwiftPackage",
        "repositoryURL": "https://github.com/Tiendeo/governorApps.git",
        "state": {
          "branch": null,
          "revision": "ceca69fc9b33191e91f3d65aa25de9209a6d4833",
          "version": "1.0.6-beta6"
        }
      },
      {
        "package": "Kingfisher",
        "repositoryURL": "https://github.com/onevcat/Kingfisher.git",
        "state": {
          "branch": null,
          "revision": "175eeb4618b0a6ef4d69a7409b6a74ddd235a093",
          "version": "5.15.0"
        }
      },
      {
        "package": "RxSwift",
        "repositoryURL": "https://github.com/ReactiveX/RxSwift.git",
        "state": {
          "branch": null,
          "revision": "cce95dd704bc08cd3d69c087a05a6fc3118e2722",
          "version": "4.5.0"
        }
      }
    ]
  },
  "version": 1
}
